// !$*UTF8*$!
{
	archiveVersion = 1;
	classes = {
	};
	objectVersion = 48;
	objects = {

/* Begin PBXBuildFile section */
		72AD74F060222192E11273A8 /* Pods_pixCity.framework in Frameworks */ = {isa = PBXBuildFile; fileRef = 0C572FFE3CE24C4019C81B8C /* Pods_pixCity.framework */; };
		B41CB55E1FE990B6000DA077 /* AppDelegate.swift in Sources */ = {isa = PBXBuildFile; fileRef = B41CB55D1FE990B6000DA077 /* AppDelegate.swift */; };
		B41CB5631FE990B6000DA077 /* Main.storyboard in Resources */ = {isa = PBXBuildFile; fileRef = B41CB5611FE990B6000DA077 /* Main.storyboard */; };
		B41CB5651FE990B6000DA077 /* Assets.xcassets in Resources */ = {isa = PBXBuildFile; fileRef = B41CB5641FE990B6000DA077 /* Assets.xcassets */; };
		B41CB5681FE990B6000DA077 /* LaunchScreen.storyboard in Resources */ = {isa = PBXBuildFile; fileRef = B41CB5661FE990B6000DA077 /* LaunchScreen.storyboard */; };
		B41CB5751FE9923F000DA077 /* MapVc.swift in Sources */ = {isa = PBXBuildFile; fileRef = B41CB5741FE9923F000DA077 /* MapVc.swift */; };
		B4B9DCD01FE99A3C00C81D5A /* droppablePin.swift in Sources */ = {isa = PBXBuildFile; fileRef = B4B9DCCF1FE99A3C00C81D5A /* droppablePin.swift */; };
		B4B9DCD21FE99E8B00C81D5A /* photoCell.swift in Sources */ = {isa = PBXBuildFile; fileRef = B4B9DCD11FE99E8B00C81D5A /* photoCell.swift */; };
		B4B9DCD41FE9A0B500C81D5A /* ImageService.swift in Sources */ = {isa = PBXBuildFile; fileRef = B4B9DCD31FE9A0B500C81D5A /* ImageService.swift */; };
		B4B9DCD61FE9A17900C81D5A /* Constants.swift in Sources */ = {isa = PBXBuildFile; fileRef = B4B9DCD51FE9A17900C81D5A /* Constants.swift */; };
/* End PBXBuildFile section */

/* Begin PBXFileReference section */
		0C572FFE3CE24C4019C81B8C /* Pods_pixCity.framework */ = {isa = PBXFileReference; explicitFileType = wrapper.framework; includeInIndex = 0; path = Pods_pixCity.framework; sourceTree = BUILT_PRODUCTS_DIR; };
		14F3D78FC896E65FD4A94F67 /* Pods-pixCity.release.xcconfig */ = {isa = PBXFileReference; includeInIndex = 1; lastKnownFileType = text.xcconfig; name = "Pods-pixCity.release.xcconfig"; path = "Pods/Target Support Files/Pods-pixCity/Pods-pixCity.release.xcconfig"; sourceTree = "<group>"; };
		64F540016750CE941C1181E4 /* Pods-pixCity.debug.xcconfig */ = {isa = PBXFileReference; includeInIndex = 1; lastKnownFileType = text.xcconfig; name = "Pods-pixCity.debug.xcconfig"; path = "Pods/Target Support Files/Pods-pixCity/Pods-pixCity.debug.xcconfig"; sourceTree = "<group>"; };
		B41CB55A1FE990B6000DA077 /* pixCity.app */ = {isa = PBXFileReference; explicitFileType = wrapper.application; includeInIndex = 0; path = pixCity.app; sourceTree = BUILT_PRODUCTS_DIR; };
		B41CB55D1FE990B6000DA077 /* AppDelegate.swift */ = {isa = PBXFileReference; lastKnownFileType = sourcecode.swift; path = AppDelegate.swift; sourceTree = "<group>"; };
		B41CB5621FE990B6000DA077 /* Base */ = {isa = PBXFileReference; lastKnownFileType = file.storyboard; name = Base; path = Base.lproj/Main.storyboard; sourceTree = "<group>"; };
		B41CB5641FE990B6000DA077 /* Assets.xcassets */ = {isa = PBXFileReference; lastKnownFileType = folder.assetcatalog; path = Assets.xcassets; sourceTree = "<group>"; };
		B41CB5671FE990B6000DA077 /* Base */ = {isa = PBXFileReference; lastKnownFileType = file.storyboard; name = Base; path = Base.lproj/LaunchScreen.storyboard; sourceTree = "<group>"; };
		B41CB5691FE990B6000DA077 /* Info.plist */ = {isa = PBXFileReference; lastKnownFileType = text.plist.xml; path = Info.plist; sourceTree = "<group>"; };
		B41CB5741FE9923F000DA077 /* MapVc.swift */ = {isa = PBXFileReference; lastKnownFileType = sourcecode.swift; path = MapVc.swift; sourceTree = "<group>"; };
		B4B9DCCF1FE99A3C00C81D5A /* droppablePin.swift */ = {isa = PBXFileReference; lastKnownFileType = sourcecode.swift; path = droppablePin.swift; sourceTree = "<group>"; };
		B4B9DCD11FE99E8B00C81D5A /* photoCell.swift */ = {isa = PBXFileReference; lastKnownFileType = sourcecode.swift; path = photoCell.swift; sourceTree = "<group>"; };
		B4B9DCD31FE9A0B500C81D5A /* ImageService.swift */ = {isa = PBXFileReference; lastKnownFileType = sourcecode.swift; path = ImageService.swift; sourceTree = "<group>"; };
		B4B9DCD51FE9A17900C81D5A /* Constants.swift */ = {isa = PBXFileReference; lastKnownFileType = sourcecode.swift; path = Constants.swift; sourceTree = "<group>"; };
/* End PBXFileReference section */

/* Begin PBXFrameworksBuildPhase section */
		B41CB5571FE990B6000DA077 /* Frameworks */ = {
			isa = PBXFrameworksBuildPhase;
			buildActionMask = 2147483647;
			files = (
				72AD74F060222192E11273A8 /* Pods_pixCity.framework in Frameworks */,
			);
			runOnlyForDeploymentPostprocessing = 0;
		};
/* End PBXFrameworksBuildPhase section */

/* Begin PBXGroup section */
		3D1EC9F8737DB29309787B0C /* Pods */ = {
			isa = PBXGroup;
			children = (
				64F540016750CE941C1181E4 /* Pods-pixCity.debug.xcconfig */,
				14F3D78FC896E65FD4A94F67 /* Pods-pixCity.release.xcconfig */,
			);
			name = Pods;
			sourceTree = "<group>";
		};
		B41CB5511FE990B6000DA077 = {
			isa = PBXGroup;
			children = (
				B41CB55C1FE990B6000DA077 /* pixCity */,
				B41CB55B1FE990B6000DA077 /* Products */,
				3D1EC9F8737DB29309787B0C /* Pods */,
				EC9C9C91452569FA35A83E17 /* Frameworks */,
			);
			sourceTree = "<group>";
		};
		B41CB55B1FE990B6000DA077 /* Products */ = {
			isa = PBXGroup;
			children = (
				B41CB55A1FE990B6000DA077 /* pixCity.app */,
			);
			name = Products;
			sourceTree = "<group>";
		};
		B41CB55C1FE990B6000DA077 /* pixCity */ = {
			isa = PBXGroup;
			children = (
				B41CB5731FE9922C000DA077 /* Services */,
				B41CB5721FE99223000DA077 /* Utilities */,
				B41CB5711FE9921B000DA077 /* Model */,
				B41CB5701FE99215000DA077 /* View */,
				B41CB56F1FE9920C000DA077 /* Controller */,
				B41CB55D1FE990B6000DA077 /* AppDelegate.swift */,
				B41CB5611FE990B6000DA077 /* Main.storyboard */,
				B41CB5641FE990B6000DA077 /* Assets.xcassets */,
				B41CB5661FE990B6000DA077 /* LaunchScreen.storyboard */,
				B41CB5691FE990B6000DA077 /* Info.plist */,
			);
			path = pixCity;
			sourceTree = "<group>";
		};
		B41CB56F1FE9920C000DA077 /* Controller */ = {
			isa = PBXGroup;
			children = (
				B41CB5741FE9923F000DA077 /* MapVc.swift */,
			);
			path = Controller;
			sourceTree = "<group>";
		};
		B41CB5701FE99215000DA077 /* View */ = {
			isa = PBXGroup;
			children = (
				B4B9DCCF1FE99A3C00C81D5A /* droppablePin.swift */,
				B4B9DCD11FE99E8B00C81D5A /* photoCell.swift */,
			);
			path = View;
			sourceTree = "<group>";
		};
		B41CB5711FE9921B000DA077 /* Model */ = {
			isa = PBXGroup;
			children = (
			);
			path = Model;
			sourceTree = "<group>";
		};
		B41CB5721FE99223000DA077 /* Utilities */ = {
			isa = PBXGroup;
			children = (
				B4B9DCD51FE9A17900C81D5A /* Constants.swift */,
			);
			path = Utilities;
			sourceTree = "<group>";
		};
		B41CB5731FE9922C000DA077 /* Services */ = {
			isa = PBXGroup;
			children = (
				B4B9DCD31FE9A0B500C81D5A /* ImageService.swift */,
			);
			path = Services;
			sourceTree = "<group>";
		};
		EC9C9C91452569FA35A83E17 /* Frameworks */ = {
			isa = PBXGroup;
			children = (
				0C572FFE3CE24C4019C81B8C /* Pods_pixCity.framework */,
			);
			name = Frameworks;
			sourceTree = "<group>";
		};
/* End PBXGroup section */

/* Begin PBXNativeTarget section */
		B41CB5591FE990B6000DA077 /* pixCity */ = {
			isa = PBXNativeTarget;
			buildConfigurationList = B41CB56C1FE990B6000DA077 /* Build configuration list for PBXNativeTarget "pixCity" */;
			buildPhases = (
				0400C3BA893554E12D807338 /* [CP] Check Pods Manifest.lock */,
				B41CB5561FE990B6000DA077 /* Sources */,
				B41CB5571FE990B6000DA077 /* Frameworks */,
				B41CB5581FE990B6000DA077 /* Resources */,
				34477968E202CA2F7D6FBECD /* [CP] Embed Pods Frameworks */,
				60CEF35C4767589A12BD1E3D /* [CP] Copy Pods Resources */,
			);
			buildRules = (
			);
			dependencies = (
			);
			name = pixCity;
			productName = pixCity;
			productReference = B41CB55A1FE990B6000DA077 /* pixCity.app */;
			productType = "com.apple.product-type.application";
		};
/* End PBXNativeTarget section */

/* Begin PBXProject section */
		B41CB5521FE990B6000DA077 /* Project object */ = {
			isa = PBXProject;
			attributes = {
				LastSwiftUpdateCheck = 0910;
				LastUpgradeCheck = 0910;
				ORGANIZATIONNAME = TKM;
				TargetAttributes = {
					B41CB5591FE990B6000DA077 = {
						CreatedOnToolsVersion = 9.1;
						ProvisioningStyle = Automatic;
					};
				};
			};
			buildConfigurationList = B41CB5551FE990B6000DA077 /* Build configuration list for PBXProject "pixCity" */;
			compatibilityVersion = "Xcode 8.0";
			developmentRegion = en;
			hasScannedForEncodings = 0;
			knownRegions = (
				en,
				Base,
			);
			mainGroup = B41CB5511FE990B6000DA077;
			productRefGroup = B41CB55B1FE990B6000DA077 /* Products */;
			projectDirPath = "";
			projectRoot = "";
			targets = (
				B41CB5591FE990B6000DA077 /* pixCity */,
			);
		};
/* End PBXProject section */

/* Begin PBXResourcesBuildPhase section */
		B41CB5581FE990B6000DA077 /* Resources */ = {
			isa = PBXResourcesBuildPhase;
			buildActionMask = 2147483647;
			files = (
				B41CB5681FE990B6000DA077 /* LaunchScreen.storyboard in Resources */,
				B41CB5651FE990B6000DA077 /* Assets.xcassets in Resources */,
				B41CB5631FE990B6000DA077 /* Main.storyboard in Resources */,
			);
			runOnlyForDeploymentPostprocessing = 0;
		};
/* End PBXResourcesBuildPhase section */

/* Begin PBXShellScriptBuildPhase section */
		0400C3BA893554E12D807338 /* [CP] Check Pods Manifest.lock */ = {
			isa = PBXShellScriptBuildPhase;
			buildActionMask = 2147483647;
			files = (
			);
			inputPaths = (
				"${PODS_PODFILE_DIR_PATH}/Podfile.lock",
				"${PODS_ROOT}/Manifest.lock",
			);
			name = "[CP] Check Pods Manifest.lock";
			outputPaths = (
				"$(DERIVED_FILE_DIR)/Pods-pixCity-checkManifestLockResult.txt",
			);
			runOnlyForDeploymentPostprocessing = 0;
			shellPath = /bin/sh;
			shellScript = "diff \"${PODS_PODFILE_DIR_PATH}/Podfile.lock\" \"${PODS_ROOT}/Manifest.lock\" > /dev/null\nif [ $? != 0 ] ; then\n    # print error to STDERR\n    echo \"error: The sandbox is not in sync with the Podfile.lock. Run 'pod install' or update your CocoaPods installation.\" >&2\n    exit 1\nfi\n# This output is used by Xcode 'outputs' to avoid re-running this script phase.\necho \"SUCCESS\" > \"${SCRIPT_OUTPUT_FILE_0}\"\n";
			showEnvVarsInLog = 0;
		};
		34477968E202CA2F7D6FBECD /* [CP] Embed Pods Frameworks */ = {
			isa = PBXShellScriptBuildPhase;
			buildActionMask = 2147483647;
			files = (
			);
			inputPaths = (
				"${SRCROOT}/Pods/Target Support Files/Pods-pixCity/Pods-pixCity-frameworks.sh",
				"${BUILT_PRODUCTS_DIR}/Alamofire/Alamofire.framework",
				"${BUILT_PRODUCTS_DIR}/AlamofireImage/AlamofireImage.framework",
			);
			name = "[CP] Embed Pods Frameworks";
			outputPaths = (
				"${TARGET_BUILD_DIR}/${FRAMEWORKS_FOLDER_PATH}/Alamofire.framework",
				"${TARGET_BUILD_DIR}/${FRAMEWORKS_FOLDER_PATH}/AlamofireImage.framework",
			);
			runOnlyForDeploymentPostprocessing = 0;
			shellPath = /bin/sh;
			shellScript = "\"${SRCROOT}/Pods/Target Support Files/Pods-pixCity/Pods-pixCity-frameworks.sh\"\n";
			showEnvVarsInLog = 0;
		};
		60CEF35C4767589A12BD1E3D /* [CP] Copy Pods Resources */ = {
			isa = PBXShellScriptBuildPhase;
			buildActionMask = 2147483647;
			files = (
			);
			inputPaths = (
			);
			name = "[CP] Copy Pods Resources";
			outputPaths = (
			);
			runOnlyForDeploymentPostprocessing = 0;
			shellPath = /bin/sh;
			shellScript = "\"${SRCROOT}/Pods/Target Support Files/Pods-pixCity/Pods-pixCity-resources.sh\"\n";
			showEnvVarsInLog = 0;
		};
/* End PBXShellScriptBuildPhase section */

/* Begin PBXSourcesBuildPhase section */
		B41CB5561FE990B6000DA077 /* Sources */ = {
			isa = PBXSourcesBuildPhase;
			buildActionMask = 2147483647;
			files = (
				B4B9DCD21FE99E8B00C81D5A /* photoCell.swift in Sources */,
				B41CB55E1FE990B6000DA077 /* AppDelegate.swift in Sources */,
				B4B9DCD01FE99A3C00C81D5A /* droppablePin.swift in Sources */,
				B4B9DCD41FE9A0B500C81D5A /* ImageService.swift in Sources */,
				B41CB5751FE9923F000DA077 /* MapVc.swift in Sources */,
				B4B9DCD61FE9A17900C81D5A /* Constants.swift in Sources */,
			);
			runOnlyForDeploymentPostprocessing = 0;
		};
/* End PBXSourcesBuildPhase section */

/* Begin PBXVariantGroup section */
		B41CB5611FE990B6000DA077 /* Main.storyboard */ = {
			isa = PBXVariantGroup;
			children = (
				B41CB5621FE990B6000DA077 /* Base */,
			);
			name = Main.storyboard;
			sourceTree = "<group>";
		};
		B41CB5661FE990B6000DA077 /* LaunchScreen.storyboard */ = {
			isa = PBXVariantGroup;
			children = (
				B41CB5671FE990B6000DA077 /* Base */,
			);
			name = LaunchScreen.storyboard;
			sourceTree = "<group>";
		};
/* End PBXVariantGroup section */

/* Begin XCBuildConfiguration section */
		B41CB56A1FE990B6000DA077 /* Debug */ = {
			isa = XCBuildConfiguration;
			buildSettings = {
				ALWAYS_SEARCH_USER_PATHS = NO;
				CLANG_ANALYZER_NONNULL = YES;
				CLANG_ANALYZER_NUMBER_OBJECT_CONVERSION = YES_AGGRESSIVE;
				CLANG_CXX_LANGUAGE_STANDARD = "gnu++14";
				CLANG_CXX_LIBRARY = "libc++";
				CLANG_ENABLE_MODULES = YES;
				CLANG_ENABLE_OBJC_ARC = YES;
				CLANG_WARN_BLOCK_CAPTURE_AUTORELEASING = YES;
				CLANG_WARN_BOOL_CONVERSION = YES;
				CLANG_WARN_COMMA = YES;
				CLANG_WARN_CONSTANT_CONVERSION = YES;
				CLANG_WARN_DIRECT_OBJC_ISA_USAGE = YES_ERROR;
				CLANG_WARN_DOCUMENTATION_COMMENTS = YES;
				CLANG_WARN_EMPTY_BODY = YES;
				CLANG_WARN_ENUM_CONVERSION = YES;
				CLANG_WARN_INFINITE_RECURSION = YES;
				CLANG_WARN_INT_CONVERSION = YES;
				CLANG_WARN_NON_LITERAL_NULL_CONVERSION = YES;
				CLANG_WARN_OBJC_LITERAL_CONVERSION = YES;
				CLANG_WARN_OBJC_ROOT_CLASS = YES_ERROR;
				CLANG_WARN_RANGE_LOOP_ANALYSIS = YES;
				CLANG_WARN_STRICT_PROTOTYPES = YES;
				CLANG_WARN_SUSPICIOUS_MOVE = YES;
				CLANG_WARN_UNGUARDED_AVAILABILITY = YES_AGGRESSIVE;
				CLANG_WARN_UNREACHABLE_CODE = YES;
				CLANG_WARN__DUPLICATE_METHOD_MATCH = YES;
				CODE_SIGN_IDENTITY = "iPhone Developer";
				COPY_PHASE_STRIP = NO;
				DEBUG_INFORMATION_FORMAT = dwarf;
				ENABLE_STRICT_OBJC_MSGSEND = YES;
				ENABLE_TESTABILITY = YES;
				GCC_C_LANGUAGE_STANDARD = gnu11;
				GCC_DYNAMIC_NO_PIC = NO;
				GCC_NO_COMMON_BLOCKS = YES;
				GCC_OPTIMIZATION_LEVEL = 0;
				GCC_PREPROCESSOR_DEFINITIONS = (
					"DEBUG=1",
					"$(inherited)",
				);
				GCC_WARN_64_TO_32_BIT_CONVERSION = YES;
				GCC_WARN_ABOUT_RETURN_TYPE = YES_ERROR;
				GCC_WARN_UNDECLARED_SELECTOR = YES;
				GCC_WARN_UNINITIALIZED_AUTOS = YES_AGGRESSIVE;
				GCC_WARN_UNUSED_FUNCTION = YES;
				GCC_WARN_UNUSED_VARIABLE = YES;
				IPHONEOS_DEPLOYMENT_TARGET = 11.1;
				MTL_ENABLE_DEBUG_INFO = YES;
				ONLY_ACTIVE_ARCH = YES;
				SDKROOT = iphoneos;
				SWIFT_ACTIVE_COMPILATION_CONDITIONS = DEBUG;
				SWIFT_OPTIMIZATION_LEVEL = "-Onone";
			};
			name = Debug;
		};
		B41CB56B1FE990B6000DA077 /* Release */ = {
			isa = XCBuildConfiguration;
			buildSettings = {
				ALWAYS_SEARCH_USER_PATHS = NO;
				CLANG_ANALYZER_NONNULL = YES;
				CLANG_ANALYZER_NUMBER_OBJECT_CONVERSION = YES_AGGRESSIVE;
				CLANG_CXX_LANGUAGE_STANDARD = "gnu++14";
				CLANG_CXX_LIBRARY = "libc++";
				CLANG_ENABLE_MODULES = YES;
				CLANG_ENABLE_OBJC_ARC = YES;
				CLANG_WARN_BLOCK_CAPTURE_AUTORELEASING = YES;
				CLANG_WARN_BOOL_CONVERSION = YES;
				CLANG_WARN_COMMA = YES;
				CLANG_WARN_CONSTANT_CONVERSION = YES;
				CLANG_WARN_DIRECT_OBJC_ISA_USAGE = YES_ERROR;
				CLANG_WARN_DOCUMENTATION_COMMENTS = YES;
				CLANG_WARN_EMPTY_BODY = YES;
				CLANG_WARN_ENUM_CONVERSION = YES;
				CLANG_WARN_INFINITE_RECURSION = YES;
				CLANG_WARN_INT_CONVERSION = YES;
				CLANG_WARN_NON_LITERAL_NULL_CONVERSION = YES;
				CLANG_WARN_OBJC_LITERAL_CONVERSION = YES;
				CLANG_WARN_OBJC_ROOT_CLASS = YES_ERROR;
				CLANG_WARN_RANGE_LOOP_ANALYSIS = YES;
				CLANG_WARN_STRICT_PROTOTYPES = YES;
				CLANG_WARN_SUSPICIOUS_MOVE = YES;
				CLANG_WARN_UNGUARDED_AVAILABILITY = YES_AGGRESSIVE;
				CLANG_WARN_UNREACHABLE_CODE = YES;
				CLANG_WARN__DUPLICATE_METHOD_MATCH = YES;
				CODE_SIGN_IDENTITY = "iPhone Developer";
				COPY_PHASE_STRIP = NO;
				DEBUG_INFORMATION_FORMAT = "dwarf-with-dsym";
				ENABLE_NS_ASSERTIONS = NO;
				ENABLE_STRICT_OBJC_MSGSEND = YES;
				GCC_C_LANGUAGE_STANDARD = gnu11;
				GCC_NO_COMMON_BLOCKS = YES;
				GCC_WARN_64_TO_32_BIT_CONVERSION = YES;
				GCC_WARN_ABOUT_RETURN_TYPE = YES_ERROR;
				GCC_WARN_UNDECLARED_SELECTOR = YES;
				GCC_WARN_UNINITIALIZED_AUTOS = YES_AGGRESSIVE;
				GCC_WARN_UNUSED_FUNCTION = YES;
				GCC_WARN_UNUSED_VARIABLE = YES;
				IPHONEOS_DEPLOYMENT_TARGET = 11.1;
				MTL_ENABLE_DEBUG_INFO = NO;
				SDKROOT = iphoneos;
				SWIFT_OPTIMIZATION_LEVEL = "-Owholemodule";
				VALIDATE_PRODUCT = YES;
			};
			name = Release;
		};
		B41CB56D1FE990B6000DA077 /* Debug */ = {
			isa = XCBuildConfiguration;
			baseConfigurationReference = 64F540016750CE941C1181E4 /* Pods-pixCity.debug.xcconfig */;
			buildSettings = {
				ASSETCATALOG_COMPILER_APPICON_NAME = AppIcon;
				CODE_SIGN_STYLE = Automatic;
				DEVELOPMENT_TEAM = 92BBSY6F64;
				INFOPLIST_FILE = pixCity/Info.plist;
				IPHONEOS_DEPLOYMENT_TARGET = 11.0;
				LD_RUNPATH_SEARCH_PATHS = "$(inherited) @executable_path/Frameworks";
				PRODUCT_BUNDLE_IDENTIFIER = com.TheknightMarket.pixCity;
				PRODUCT_NAME = "$(TARGET_NAME)";
				SWIFT_VERSION = 4.0;
				TARGETED_DEVICE_FAMILY = "1,2";
			};
			name = Debug;
		};
		B41CB56E1FE990B6000DA077 /* Release */ = {
			isa = XCBuildConfiguration;
			baseConfigurationReference = 14F3D78FC896E65FD4A94F67 /* Pods-pixCity.release.xcconfig */;
			buildSettings = {
				ASSETCATALOG_COMPILER_APPICON_NAME = AppIcon;
				CODE_SIGN_STYLE = Automatic;
				DEVELOPMENT_TEAM = 92BBSY6F64;
				INFOPLIST_FILE = pixCity/Info.plist;
				IPHONEOS_DEPLOYMENT_TARGET = 11.0;
				LD_RUNPATH_SEARCH_PATHS = "$(inherited) @executable_path/Frameworks";
				PRODUCT_BUNDLE_IDENTIFIER = com.TheknightMarket.pixCity;
				PRODUCT_NAME = "$(TARGET_NAME)";
				SWIFT_VERSION = 4.0;
				TARGETED_DEVICE_FAMILY = "1,2";
			};
			name = Release;
		};
/* End XCBuildConfiguration section */

/* Begin XCConfigurationList section */
		B41CB5551FE990B6000DA077 /* Build configuration list for PBXProject "pixCity" */ = {
			isa = XCConfigurationList;
			buildConfigurations = (
				B41CB56A1FE990B6000DA077 /* Debug */,
				B41CB56B1FE990B6000DA077 /* Release */,
			);
			defaultConfigurationIsVisible = 0;
			defaultConfigurationName = Release;
		};
		B41CB56C1FE990B6000DA077 /* Build configuration list for PBXNativeTarget "pixCity" */ = {
			isa = XCConfigurationList;
			buildConfigurations = (
				B41CB56D1FE990B6000DA077 /* Debug */,
				B41CB56E1FE990B6000DA077 /* Release */,
			);
			defaultConfigurationIsVisible = 0;
			defaultConfigurationName = Release;
		};
/* End XCConfigurationList section */
	};
	rootObject = B41CB5521FE990B6000DA077 /* Project object */;
}
